# THIS IS AN AUTOGENERATED FILE. DO NOT EDIT THIS FILE DIRECTLY.
# yarn lockfile v1


"@rollup/plugin-typescript@^4.1.1":
  version "4.1.1"
  resolved "https://registry.yarnpkg.com/@rollup/plugin-typescript/-/plugin-typescript-4.1.1.tgz#bcb38ca4d89a35da2238a6f1136af460a1b2cb09"
  integrity sha512-KYZCn1Iw9hZWkeEPqPs5YjlmvSjR7UdezVca8z0e8rm/29wU24UD9Y4IZHhnc9tm749hzsgBTiOUxA85gfShEQ==
  dependencies:
    "@rollup/pluginutils" "^3.0.1"
    resolve "^1.14.1"

"@rollup/pluginutils@^3.0.1":
  version "3.0.9"
  resolved "https://registry.yarnpkg.com/@rollup/pluginutils/-/pluginutils-3.0.9.tgz#aa6adca2c45e5a1b950103a999e3cddfe49fd775"
  integrity sha512-TLZavlfPAZYI7v33wQh4mTP6zojne14yok3DNSLcjoG/Hirxfkonn6icP5rrNWRn8nZsirJBFFpijVOJzkUHDg==
  dependencies:
    "@types/estree" "0.0.39"
    estree-walker "^1.0.1"
    micromatch "^4.0.2"

"@types/estree@0.0.39":
  version "0.0.39"
  resolved "https://registry.yarnpkg.com/@types/estree/-/estree-0.0.39.tgz#e177e699ee1b8c22d23174caaa7422644389509f"
  integrity sha512-EYNwp3bU+98cpU4lAWYYL7Zz+2gryWH1qbdDTidVd6hkiR6weksdbMadyXKXNPEkQFhXM+hVO9ZygomHXp+AIw==

braces@^3.0.1:
  version "3.0.2"
  resolved "https://registry.yarnpkg.com/braces/-/braces-3.0.2.tgz#3454e1a462ee8d599e236df336cd9ea4f8afe107"
  integrity sha512-b8um+L1RzM3WDSzvhm6gIz1yfTbBt6YTlcEKAvsmqCZZFw46z626lVj9j1yEPW33H5H+lBQpZMP1k8l+78Ha0A==
  dependencies:
    fill-range "^7.0.1"

estree-walker@^1.0.1:
  version "1.0.1"
  resolved "https://registry.yarnpkg.com/estree-walker/-/estree-walker-1.0.1.tgz#31bc5d612c96b704106b477e6dd5d8aa138cb700"
  integrity sha512-1fMXF3YP4pZZVozF8j/ZLfvnR8NSIljt56UhbZ5PeeDmmGHpgpdwQt7ITlGvYaQukCvuBRMLEiKiYC+oeIg4cg==

fill-range@^7.0.1:
  version "7.0.1"
  resolved "https://registry.yarnpkg.com/fill-range/-/fill-range-7.0.1.tgz#1919a6a7c75fe38b2c7c77e5198535da9acdda40"
  integrity sha512-qOo9F+dMUmC2Lcb4BbVvnKJxTPjCm+RRpe4gDuGrzkL7mEVl/djYSu2OdQ2Pa302N4oqkSg9ir6jaLWJ2USVpQ==
  dependencies:
    to-regex-range "^5.0.1"

fsevents@~2.1.2:
  version "2.1.2"
  resolved "https://registry.yarnpkg.com/fsevents/-/fsevents-2.1.2.tgz#4c0a1fb34bc68e543b4b82a9ec392bfbda840805"
  integrity sha512-R4wDiBwZ0KzpgOWetKDug1FZcYhqYnUYKtfZYt4mD5SBz76q0KR4Q9o7GIPamsVPGmW3EYPPJ0dOOjvx32ldZA==

is-number@^7.0.0:
  version "7.0.0"
  resolved "https://registry.yarnpkg.com/is-number/-/is-number-7.0.0.tgz#7535345b896734d5f80c4d06c50955527a14f12b"
  integrity sha512-41Cifkg6e8TylSpdtTpeLVMqvSBEVzTttHvERD741+pnZ8ANv0004MRL43QKPDlK9cGvNp6NZWZUBlbGXYxxng==

micromatch@^4.0.2:
  version "4.0.2"
  resolved "https://registry.yarnpkg.com/micromatch/-/micromatch-4.0.2.tgz#4fcb0999bf9fbc2fcbdd212f6d629b9a56c39259"
  integrity sha512-y7FpHSbMUMoyPbYUSzO6PaZ6FyRnQOpHuKwbo1G+Knck95XVU4QAiKdGEnj5wwoS7PlOgthX/09u5iFJ+aYf5Q==
  dependencies:
    braces "^3.0.1"
    picomatch "^2.0.5"

path-parse@^1.0.6:
  version "1.0.6"
  resolved "https://registry.yarnpkg.com/path-parse/-/path-parse-1.0.6.tgz#d62dbb5679405d72c4737ec58600e9ddcf06d24c"
  integrity sha512-GSmOT2EbHrINBf9SR7CDELwlJ8AENk3Qn7OikK4nFYAu3Ote2+JYNVvkpAEQm3/TLNEJFD/xZJjzyxg3KBWOzw==

picomatch@^2.0.5:
  version "2.2.2"
  resolved "https://registry.yarnpkg.com/picomatch/-/picomatch-2.2.2.tgz#21f333e9b6b8eaff02468f5146ea406d345f4dad"
  integrity sha512-q0M/9eZHzmr0AulXyPwNfZjtwZ/RBZlbN3K3CErVrk50T2ASYI7Bye0EvekFY3IP1Nt2DHu0re+V2ZHIpMkuWg==

resolve@^1.14.1:
  version "1.16.0"
  resolved "https://registry.yarnpkg.com/resolve/-/resolve-1.16.0.tgz#063dc704fa3413e13ac1d0d1756a7cbfe95dd1a7"
  integrity sha512-LarL/PIKJvc09k1jaeT4kQb/8/7P+qV4qSnN2K80AES+OHdfZELAKVOBjxsvtToT/uLOfFbvYvKfZmV8cee7nA==
  dependencies:
    path-parse "^1.0.6"

rollup@^2.6.1:
  version "2.6.1"
  resolved "https://registry.yarnpkg.com/rollup/-/rollup-2.6.1.tgz#8354e67caa7b8bf24c2488d9e2f64da2be62eebe"
  integrity sha512-1RhFDRJeg027YjBO6+JxmVWkEZY0ASztHhoEUEWxOwkh4mjO58TFD6Uo7T7Y3FbmDpRTfKhM5NVxJyimCn0Elg==
  optionalDependencies:
    fsevents "~2.1.2"

to-regex-range@^5.0.1:
  version "5.0.1"
  resolved "https://registry.yarnpkg.com/to-regex-range/-/to-regex-range-5.0.1.tgz#1648c44aae7c8d988a326018ed72f5b4dd0392e4"
  integrity sha512-65P7iz6X5yEr1cwcgvQxbbIw7Uk3gOy5dIdtZ4rDveLqhrdJP+Li/Hx6tyK0NEb+2GCyneCMJiGqrADCSNk8sQ==
  dependencies:
    is-number "^7.0.0"

tslib@^1.11.1:
  version "1.11.1"
  resolved "https://registry.yarnpkg.com/tslib/-/tslib-1.11.1.tgz#eb15d128827fbee2841549e171f45ed338ac7e35"
  integrity sha512-aZW88SY8kQbU7gpV19lN24LtXh/yD4ZZg6qieAJDDg+YBsJcSmLGK9QpnUjAKVG/xefmvJGd1WUmfpT/g6AJGA==

typescript@^3.8.3:
  version "3.8.3"
  resolved "https://registry.yarnpkg.com/typescript/-/typescript-3.8.3.tgz#409eb8544ea0335711205869ec458ab109ee1061"
  integrity sha512-MYlEfn5VrLNsgudQTVJeNaQFUAI7DkhnOjdpAp4T+ku1TfQClewlbSuTVHiA+8skNBgaf02TL/kLOvig4y3G8w==

web-ext-types@^3.2.1:
  version "3.2.1"
  resolved "https://registry.yarnpkg.com/web-ext-types/-/web-ext-types-3.2.1.tgz#3edc0e3c2e8fe121d7d7e4ca0b7ee0c883cea832"
  integrity sha512-oQZYDU3W8X867h8Jmt3129kRVKklz70db40Y6OzoTTuzOJpF/dB2KULJUf0txVPyUUXuyzV8GmT3nVvRHoG+Ew==
